
Microsoft Visual Studio Solution File, Format Version 12.00
# Visual Studio Version 16
VisualStudioVersion = 16.0.32002.261
MinimumVisualStudioVersion = 10.0.40219.1
Project("{FAE04EC0-301F-11D3-BF4B-00C04F79EFBC}") = "StringToWords", "HomeWork5.5\StringToWords.csproj", "{05E235B6-9F12-40A2-9205-C0CAD1ED9FB7}"
EndProject
Project("{FAE04EC0-301F-11D3-BF4B-00C04F79EFBC}") = "WordShuffle", "WordShuffle\WordShuffle.csproj", "{021F2630-2391-4AEF-916F-8BE9BAC5E035}"
EndProject
Global
	GlobalSection(SolutionConfigurationPlatforms) = preSolution
		Debug|Any CPU = Debug|Any CPU
		Release|Any CPU = Release|Any CPU
	EndGlobalSection
	GlobalSection(ProjectConfigurationPlatforms) = postSolution
		{05E235B6-9F12-40A2-9205-C0CAD1ED9FB7}.Debug|Any CPU.ActiveCfg = Debug|Any CPU
		{05E235B6-9F12-40A2-9205-C0CAD1ED9FB7}.Debug|Any CPU.Build.0 = Debug|Any CPU
		{05E235B6-9F12-40A2-9205-C0CAD1ED9FB7}.Release|Any CPU.ActiveCfg = Release|Any CPU
		{05E235B6-9F12-40A2-9205-C0CAD1ED9FB7}.Release|Any CPU.Build.0 = Release|Any CPU
		{021F2630-2391-4AEF-916F-8BE9BAC5E035}.Debug|Any CPU.ActiveCfg = Debug|Any CPU
		{021F2630-2391-4AEF-916F-8BE9BAC5E035}.Debug|Any CPU.Build.0 = Debug|Any CPU
		{021F2630-2391-4AEF-916F-8BE9BAC5E035}.Release|Any CPU.ActiveCfg = Release|Any CPU
		{021F2630-2391-4AEF-916F-8BE9BAC5E035}.Release|Any CPU.Build.0 = Release|Any CPU
	EndGlobalSection
	GlobalSection(SolutionProperties) = preSolution
		HideSolutionNode = FALSE
	EndGlobalSection
	GlobalSection(ExtensibilityGlobals) = postSolution
		SolutionGuid = {8BBFCE51-2B0B-401B-B31C-BA31A2B26025}
	EndGlobalSection
EndGlobal
